
Microsoft Visual Studio Solution File, Format Version 12.00
# Visual Studio Version 17
VisualStudioVersion = 17.7.34221.43
MinimumVisualStudioVersion = 10.0.40219.1
Project("{8BC9CEB8-8B4A-11D0-8D11-00A0C91BC942}") = "registorvanje", "registorvanje.vcxproj", "{7A22879B-EFAC-4543-AB67-E302C29592B8}"
EndProject
Global
	GlobalSection(SolutionConfigurationPlatforms) = preSolution
		Debug|x64 = Debug|x64
		Debug|x86 = Debug|x86
		Release|x64 = Release|x64
		Release|x86 = Release|x86
	EndGlobalSection
	GlobalSection(ProjectConfigurationPlatforms) = postSolution
		{7A22879B-EFAC-4543-AB67-E302C29592B8}.Debug|x64.ActiveCfg = Debug|x64
		{7A22879B-EFAC-4543-AB67-E302C29592B8}.Debug|x64.Build.0 = Debug|x64
		{7A22879B-EFAC-4543-AB67-E302C29592B8}.Debug|x86.ActiveCfg = Debug|Win32
		{7A22879B-EFAC-4543-AB67-E302C29592B8}.Debug|x86.Build.0 = Debug|Win32
		{7A22879B-EFAC-4543-AB67-E302C29592B8}.Release|x64.ActiveCfg = Release|x64
		{7A22879B-EFAC-4543-AB67-E302C29592B8}.Release|x64.Build.0 = Release|x64
		{7A22879B-EFAC-4543-AB67-E302C29592B8}.Release|x86.ActiveCfg = Release|Win32
		{7A22879B-EFAC-4543-AB67-E302C29592B8}.Release|x86.Build.0 = Release|Win32
	EndGlobalSection
	GlobalSection(SolutionProperties) = preSolution
		HideSolutionNode = FALSE
	EndGlobalSection
	GlobalSection(ExtensibilityGlobals) = postSolution
		SolutionGuid = {5E24FAFF-FB42-4AF7-B0C6-CA641AF75A50}
	EndGlobalSection
EndGlobal
